# This file is autogenerated, do not edit; changes may be undone by the next 'dep ensure'.


[[projects]]
  name = "github.com/boltdb/bolt"
  packages = ["."]
  revision = "2f1ce7a837dcb8da3ec595b1dac9d0632f0f99e8"
  version = "v1.3.1"

[[projects]]
  branch = "master"
  name = "github.com/disiqueira/gotree"
  packages = ["."]
  revision = "4c287e3603a85571820a6a8ad100a45002150053"

[[projects]]
  branch = "master"
  name = "github.com/google/btree"
  packages = ["."]
  revision = "316fb6d3f031ae8f4d457c6c5186b9e3ded70435"

[[projects]]
  name = "github.com/op/go-logging"
  packages = ["."]
  revision = "b2cb9fa56473e98db8caba80237377e83fe44db5"
  version = "v1"

[[projects]]
  branch = "master"
  name = "github.com/petar/GoLLRB"
  packages = ["llrb"]
  revision = "53be0d36a84c2a886ca057d34b6aa4468df9ccb4"

[[projects]]
  name = "github.com/sirupsen/logrus"
  packages = ["."]
  revision = "f006c2ac4710855cf0f916dd6b77acf6b048dc6e"
  version = "v1.0.3"

[[projects]]
  branch = "master"
  name = "github.com/skycoin/cxo"
  packages = ["data","data/cxds","data/idxdb","node","node/gnet","node/log","node/msg","skyobject","skyobject/statutil"]
  revision = "0956641f7ac96e7d65adc19be4bc3bfa407d7776"

[[projects]]
  branch = "master"
  name = "github.com/skycoin/net"
  packages = ["client","conn","factory","msg","server","skycoin-messenger/factory"]
  revision = "22829aaa6ac1b6f80476b89d0f19c1f3e5963c93"

[[projects]]
  name = "github.com/skycoin/skycoin"
  packages = ["src/cipher","src/cipher/base58","src/cipher/chacha20","src/cipher/encoder","src/cipher/go-bip39","src/cipher/ripemd160","src/cipher/secp256k1-go","src/cipher/secp256k1-go/secp256k1-go2","src/util/browser","src/util/file","src/util/logging"]
  revision = "ee33f18f2eed78515bce3b1c412d0e67b0570c24"
  version = "0.19.1"

[[projects]]
  name = "github.com/toqueteos/webbrowser"
  packages = ["."]
  revision = "21fc9f95c83442fd164094666f7cb4f9fdd56cd6"
  version = "v1.0"

[[projects]]
  branch = "master"
  name = "golang.org/x/crypto"
  packages = ["pbkdf2","ssh/terminal"]
  revision = "2509b142fb2b797aa7587dad548f113b2c0f20ce"

[[projects]]
  branch = "master"
  name = "golang.org/x/sys"
  packages = ["unix","windows"]
  revision = "f0d39a4bd5f1a0a15ef46503d12cffc780be4b9b"

[[projects]]
  name = "gopkg.in/urfave/cli.v1"
  packages = ["."]
  revision = "cfb38830724cc34fedffe9a2a29fb54fa9169cd1"
  version = "v1.20.0"

[solve-meta]
  analyzer-name = "dep"
  analyzer-version = 1
  inputs-digest = "dcceaaa84650d9c33cf080e8d41473164503a1bad361839d6834e2094549199d"
  solver-name = "gps-cdcl"
  solver-version = 1
