# This file is autogenerated, do not edit; changes may be undone by the next 'dep ensure'.


[[projects]]
  name = "github.com/boltdb/bolt"
  packages = ["."]
  revision = "2f1ce7a837dcb8da3ec595b1dac9d0632f0f99e8"
  version = "v1.3.1"

[[projects]]
  branch = "master"
  name = "github.com/disiqueira/gotree"
  packages = ["."]
  revision = "4c287e3603a85571820a6a8ad100a45002150053"

[[projects]]
  name = "github.com/op/go-logging"
  packages = ["."]
  revision = "b2cb9fa56473e98db8caba80237377e83fe44db5"
  version = "v1"

[[projects]]
  branch = "master"
  name = "github.com/skycoin/cxo"
  packages = ["data","data/cxds","data/idxdb","node","node/gnet","node/log","node/msg","skyobject"]
  revision = "a63e3e8f2b1bb476adcb8e45b67208e5e019f462"

[[projects]]
  name = "github.com/skycoin/skycoin"
  packages = ["src/cipher","src/cipher/base58","src/cipher/chacha20","src/cipher/encoder","src/cipher/go-bip39","src/cipher/ripemd160","src/cipher/secp256k1-go","src/cipher/secp256k1-go/secp256k1-go2","src/util/browser","src/util/file","src/util/logging"]
  revision = "ee33f18f2eed78515bce3b1c412d0e67b0570c24"
  version = "0.19.1"

[[projects]]
  name = "github.com/toqueteos/webbrowser"
  packages = ["."]
  revision = "21fc9f95c83442fd164094666f7cb4f9fdd56cd6"
  version = "v1.0"

[[projects]]
  branch = "master"
  name = "golang.org/x/crypto"
  packages = ["pbkdf2"]
  revision = "81e90905daefcd6fd217b62423c0908922eadb30"

[[projects]]
  branch = "master"
  name = "golang.org/x/sys"
  packages = ["unix"]
  revision = "ab9e364efd8b52800ff7ee48a9ffba4e0ed78dfb"

[[projects]]
  name = "gopkg.in/urfave/cli.v1"
  packages = ["."]
  revision = "cfb38830724cc34fedffe9a2a29fb54fa9169cd1"
  version = "v1.20.0"

[solve-meta]
  analyzer-name = "dep"
  analyzer-version = 1
  inputs-digest = "3300bf7852b4c2c6fe59d503c75d0c03b529f3e00d8cb3dfde0069dca1e84c32"
  solver-name = "gps-cdcl"
  solver-version = 1
